
Microsoft Visual Studio Solution File, Format Version 12.00
# Visual Studio Version 17
VisualStudioVersion = 17.9.34622.214
MinimumVisualStudioVersion = 10.0.40219.1
Project("{9A19103F-16F7-4668-BE54-9A1E7A4F7556}") = "Workspace", "Workspace\Workspace.csproj", "{FFEC9E41-7F3A-4347-8512-021E9681F8A2}"
EndProject
Project("{FAE04EC0-301F-11D3-BF4B-00C04F79EFBC}") = "Entities", "Entities\Entities.csproj", "{085A3071-43BB-4C4B-A5B5-A549932DB1B5}"
EndProject
Project("{FAE04EC0-301F-11D3-BF4B-00C04F79EFBC}") = "Business", "Business\Business.csproj", "{AFAE53A1-8816-498A-B622-8CF1973530FD}"
EndProject
Global
	GlobalSection(SolutionConfigurationPlatforms) = preSolution
		Debug|Any CPU = Debug|Any CPU
		Release|Any CPU = Release|Any CPU
	EndGlobalSection
	GlobalSection(ProjectConfigurationPlatforms) = postSolution
		{FFEC9E41-7F3A-4347-8512-021E9681F8A2}.Debug|Any CPU.ActiveCfg = Debug|Any CPU
		{FFEC9E41-7F3A-4347-8512-021E9681F8A2}.Debug|Any CPU.Build.0 = Debug|Any CPU
		{FFEC9E41-7F3A-4347-8512-021E9681F8A2}.Release|Any CPU.ActiveCfg = Release|Any CPU
		{FFEC9E41-7F3A-4347-8512-021E9681F8A2}.Release|Any CPU.Build.0 = Release|Any CPU
		{085A3071-43BB-4C4B-A5B5-A549932DB1B5}.Debug|Any CPU.ActiveCfg = Debug|Any CPU
		{085A3071-43BB-4C4B-A5B5-A549932DB1B5}.Debug|Any CPU.Build.0 = Debug|Any CPU
		{085A3071-43BB-4C4B-A5B5-A549932DB1B5}.Release|Any CPU.ActiveCfg = Release|Any CPU
		{085A3071-43BB-4C4B-A5B5-A549932DB1B5}.Release|Any CPU.Build.0 = Release|Any CPU
		{AFAE53A1-8816-498A-B622-8CF1973530FD}.Debug|Any CPU.ActiveCfg = Debug|Any CPU
		{AFAE53A1-8816-498A-B622-8CF1973530FD}.Debug|Any CPU.Build.0 = Debug|Any CPU
		{AFAE53A1-8816-498A-B622-8CF1973530FD}.Release|Any CPU.ActiveCfg = Release|Any CPU
		{AFAE53A1-8816-498A-B622-8CF1973530FD}.Release|Any CPU.Build.0 = Release|Any CPU
	EndGlobalSection
	GlobalSection(SolutionProperties) = preSolution
		HideSolutionNode = FALSE
	EndGlobalSection
	GlobalSection(ExtensibilityGlobals) = postSolution
		SolutionGuid = {52C84F0C-DB90-43EE-8B89-FF91F2614164}
	EndGlobalSection
EndGlobal
